
Microsoft Visual Studio Solution File, Format Version 12.00
# Visual Studio Version 17
VisualStudioVersion = 17.14.36811.4 d17.14
MinimumVisualStudioVersion = 10.0.40219.1
Project("{FAE04EC0-301F-11D3-BF4B-00C04F79EFBC}") = "MultiThreads", "MultiThreads\MultiThreads.csproj", "{51C8644D-130B-4FBD-8D0E-669C37748E13}"
EndProject
Global
	GlobalSection(SolutionConfigurationPlatforms) = preSolution
		Debug|Any CPU = Debug|Any CPU
		Release|Any CPU = Release|Any CPU
	EndGlobalSection
	GlobalSection(ProjectConfigurationPlatforms) = postSolution
		{51C8644D-130B-4FBD-8D0E-669C37748E13}.Debug|Any CPU.ActiveCfg = Debug|Any CPU
		{51C8644D-130B-4FBD-8D0E-669C37748E13}.Debug|Any CPU.Build.0 = Debug|Any CPU
		{51C8644D-130B-4FBD-8D0E-669C37748E13}.Release|Any CPU.ActiveCfg = Release|Any CPU
		{51C8644D-130B-4FBD-8D0E-669C37748E13}.Release|Any CPU.Build.0 = Release|Any CPU
	EndGlobalSection
	GlobalSection(SolutionProperties) = preSolution
		HideSolutionNode = FALSE
	EndGlobalSection
	GlobalSection(ExtensibilityGlobals) = postSolution
		SolutionGuid = {3A6024D5-0DB3-4BCD-A6AC-302B67805DC5}
	EndGlobalSection
EndGlobal
